
Microsoft Visual Studio Solution File, Format Version 12.00
# Visual Studio 14
VisualStudioVersion = 14.0.24720.0
MinimumVisualStudioVersion = 10.0.40219.1
Project("{FAE04EC0-301F-11D3-BF4B-00C04F79EFBC}") = "IdSvr.Legacy", "IdSvr.Legacy\IdSvr.Legacy.csproj", "{ACEC71CF-A89A-4A15-B2B9-F14F42B74769}"
EndProject
Project("{FAE04EC0-301F-11D3-BF4B-00C04F79EFBC}") = "IdSvr.New", "IdSvr.New\IdSvr.New.csproj", "{14D4B8F8-28F6-49CB-AD12-917A54475177}"
EndProject
Project("{FAE04EC0-301F-11D3-BF4B-00C04F79EFBC}") = "portal.legacy", "portal.legacy\portal.legacy.csproj", "{5363EAEB-3711-49E4-8C70-5520420EFC0C}"
EndProject
Project("{FAE04EC0-301F-11D3-BF4B-00C04F79EFBC}") = "portal.new", "portal.new\portal.new.csproj", "{F5346296-3966-4F53-91C7-8990B2763BEC}"
EndProject
Global
	GlobalSection(SolutionConfigurationPlatforms) = preSolution
		AzureWebSites|Any CPU = AzureWebSites|Any CPU
		Debug|Any CPU = Debug|Any CPU
		Release|Any CPU = Release|Any CPU
	EndGlobalSection
	GlobalSection(ProjectConfigurationPlatforms) = postSolution
		{ACEC71CF-A89A-4A15-B2B9-F14F42B74769}.AzureWebSites|Any CPU.ActiveCfg = Release|Any CPU
		{ACEC71CF-A89A-4A15-B2B9-F14F42B74769}.AzureWebSites|Any CPU.Build.0 = Release|Any CPU
		{ACEC71CF-A89A-4A15-B2B9-F14F42B74769}.Debug|Any CPU.ActiveCfg = Debug|Any CPU
		{ACEC71CF-A89A-4A15-B2B9-F14F42B74769}.Debug|Any CPU.Build.0 = Debug|Any CPU
		{ACEC71CF-A89A-4A15-B2B9-F14F42B74769}.Release|Any CPU.ActiveCfg = Release|Any CPU
		{ACEC71CF-A89A-4A15-B2B9-F14F42B74769}.Release|Any CPU.Build.0 = Release|Any CPU
		{14D4B8F8-28F6-49CB-AD12-917A54475177}.AzureWebSites|Any CPU.ActiveCfg = Release|Any CPU
		{14D4B8F8-28F6-49CB-AD12-917A54475177}.AzureWebSites|Any CPU.Build.0 = Release|Any CPU
		{14D4B8F8-28F6-49CB-AD12-917A54475177}.Debug|Any CPU.ActiveCfg = Debug|Any CPU
		{14D4B8F8-28F6-49CB-AD12-917A54475177}.Debug|Any CPU.Build.0 = Debug|Any CPU
		{14D4B8F8-28F6-49CB-AD12-917A54475177}.Release|Any CPU.ActiveCfg = Release|Any CPU
		{14D4B8F8-28F6-49CB-AD12-917A54475177}.Release|Any CPU.Build.0 = Release|Any CPU
		{5363EAEB-3711-49E4-8C70-5520420EFC0C}.AzureWebSites|Any CPU.ActiveCfg = Release|Any CPU
		{5363EAEB-3711-49E4-8C70-5520420EFC0C}.AzureWebSites|Any CPU.Build.0 = Release|Any CPU
		{5363EAEB-3711-49E4-8C70-5520420EFC0C}.Debug|Any CPU.ActiveCfg = Debug|Any CPU
		{5363EAEB-3711-49E4-8C70-5520420EFC0C}.Debug|Any CPU.Build.0 = Debug|Any CPU
		{5363EAEB-3711-49E4-8C70-5520420EFC0C}.Release|Any CPU.ActiveCfg = Release|Any CPU
		{5363EAEB-3711-49E4-8C70-5520420EFC0C}.Release|Any CPU.Build.0 = Release|Any CPU
		{F5346296-3966-4F53-91C7-8990B2763BEC}.AzureWebSites|Any CPU.ActiveCfg = Release|Any CPU
		{F5346296-3966-4F53-91C7-8990B2763BEC}.AzureWebSites|Any CPU.Build.0 = Release|Any CPU
		{F5346296-3966-4F53-91C7-8990B2763BEC}.Debug|Any CPU.ActiveCfg = Debug|Any CPU
		{F5346296-3966-4F53-91C7-8990B2763BEC}.Debug|Any CPU.Build.0 = Debug|Any CPU
		{F5346296-3966-4F53-91C7-8990B2763BEC}.Release|Any CPU.ActiveCfg = Release|Any CPU
		{F5346296-3966-4F53-91C7-8990B2763BEC}.Release|Any CPU.Build.0 = Release|Any CPU
	EndGlobalSection
	GlobalSection(SolutionProperties) = preSolution
		HideSolutionNode = FALSE
	EndGlobalSection
EndGlobal
